# This file is generated by running "yarn install" inside your project.
# Manual changes might be lost - proceed with caution!

__metadata:
  version: 8
  cacheKey: 10c0

"bash-compiler-linters@workspace:.":
  version: 0.0.0-use.local
  resolution: "bash-compiler-linters@workspace:."
  dependencies:
    eslint-config-prettier: "npm:^9.1.0"
    eslint-plugin-json: "npm:^4.0.1"
  languageName: unknown
  linkType: soft

"eslint-config-prettier@npm:^9.1.0":
  version: 9.1.0
  resolution: "eslint-config-prettier@npm:9.1.0"
  peerDependencies:
    eslint: ">=7.0.0"
  bin:
    eslint-config-prettier: bin/cli.js
  checksum: 10c0/6d332694b36bc9ac6fdb18d3ca2f6ac42afa2ad61f0493e89226950a7091e38981b66bac2b47ba39d15b73fff2cd32c78b850a9cf9eed9ca9a96bfb2f3a2f10d
  languageName: node
  linkType: hard

"eslint-plugin-json@npm:^4.0.1":
  version: 4.0.1
  resolution: "eslint-plugin-json@npm:4.0.1"
  dependencies:
    lodash: "npm:^4.17.21"
    vscode-json-languageservice: "npm:^4.1.6"
  checksum: 10c0/9eb37d8f306180b194073af91a62a24afac9a4b805c7e685524c792bb6550ad9362f84ee226553e9f5099a56238f0697ae8a85d4e39bb2e12fdccbccd77669e0
  languageName: node
  linkType: hard

"jsonc-parser@npm:^3.0.0":
  version: 3.3.1
  resolution: "jsonc-parser@npm:3.3.1"
  checksum: 10c0/269c3ae0a0e4f907a914bf334306c384aabb9929bd8c99f909275ebd5c2d3bc70b9bcd119ad794f339dec9f24b6a4ee9cd5a8ab2e6435e730ad4075388fc2ab6
  languageName: node
  linkType: hard

"lodash@npm:^4.17.23":
  version: 4.18.1
  resolution: "lodash@npm:4.18.1"
  checksum: 10c0/757228fc68805c59789e82185135cf85f05d0b2d3d54631d680ca79ec21944ec8314d4533639a14b8bcfbd97a517e78960933041a5af17ecb693ec6eecb99a27
  languageName: node
  linkType: hard

"vscode-json-languageservice@npm:^4.1.6":
  version: 4.2.1
  resolution: "vscode-json-languageservice@npm:4.2.1"
  dependencies:
    jsonc-parser: "npm:^3.0.0"
    vscode-languageserver-textdocument: "npm:^1.0.3"
    vscode-languageserver-types: "npm:^3.16.0"
    vscode-nls: "npm:^5.0.0"
    vscode-uri: "npm:^3.0.3"
  checksum: 10c0/8d91731f75e2cba0d0971be54b1e648590c03287b75115171e964b7b935e20c293d169a20499d36377a7853b2fc6b858fb01645f2fb6a0d4ce2c4b6b1f802b73
  languageName: node
  linkType: hard

"vscode-languageserver-textdocument@npm:^1.0.3":
  version: 1.0.12
  resolution: "vscode-languageserver-textdocument@npm:1.0.12"
  checksum: 10c0/534349894b059602c4d97615a1147b6c4c031141c2093e59657f54e38570f5989c21b376836f13b9375419869242e9efb4066643208b21ab1e1dee111a0f00fb
  languageName: node
  linkType: hard

"vscode-languageserver-types@npm:^3.16.0":
  version: 3.17.5
  resolution: "vscode-languageserver-types@npm:3.17.5"
  checksum: 10c0/1e1260de79a2cc8de3e46f2e0182cdc94a7eddab487db5a3bd4ee716f67728e685852707d72c059721ce500447be9a46764a04f0611e94e4321ffa088eef36f8
  languageName: node
  linkType: hard

"vscode-nls@npm:^5.0.0":
  version: 5.2.0
  resolution: "vscode-nls@npm:5.2.0"
  checksum: 10c0/dc9e48f58ebbc807f435d351008813a2ea0c9432d51e778bcac9163c0642f929ddb518411ad654e775ce31e24d6acfa8fb7db8893c05b42c2019894e08b050f9
  languageName: node
  linkType: hard

"vscode-uri@npm:^3.0.3":
  version: 3.0.8
  resolution: "vscode-uri@npm:3.0.8"
  checksum: 10c0/f7f217f526bf109589969fe6e66b71e70b937de1385a1d7bb577ca3ee7c5e820d3856a86e9ff2fa9b7a0bc56a3dd8c3a9a557d3fedd7df414bc618d5e6b567f9
  languageName: node
  linkType: hard
