# THIS IS AN AUTOGENERATED FILE. DO NOT EDIT THIS FILE DIRECTLY.
# yarn lockfile v1


eslint-config-prettier@^10.1.8:
  version "10.1.8"
  resolved "https://registry.yarnpkg.com/eslint-config-prettier/-/eslint-config-prettier-10.1.8.tgz#15734ce4af8c2778cc32f0b01b37b0b5cd1ecb97"
  integrity sha512-82GZUjRS0p/jganf6q1rEO25VSoHH0hKPCTrgillPjdI/3bgBhAE1QzHrHTizjpRvy6pGAvKjDJtk2pF9NDq8w==

eslint-plugin-json@^5.0.0:
  version "5.0.0"
  resolved "https://registry.yarnpkg.com/eslint-plugin-json/-/eslint-plugin-json-5.0.0.tgz#589fe512b1ee50b51dcf352c80addfb34eae990a"
  integrity sha512-x7YyFjvOninRJR9rsaAGFxoGNgMMLoxpxsuoPWubg3fkbWWsjdAGRzTEUZsAVz+7Ghl7n4q83UyFmCLW/v/mzg==
  dependencies:
    lodash "^4.17.21"
    vscode-json-languageservice "^4.1.6"

jsonc-parser@^3.0.0:
  version "3.3.1"
  resolved "https://registry.yarnpkg.com/jsonc-parser/-/jsonc-parser-3.3.1.tgz#f2a524b4f7fd11e3d791e559977ad60b98b798b4"
  integrity sha512-HUgH65KyejrUFPvHFPbqOY0rsFip3Bo5wb4ngvdi1EpCYWUQDC5V+Y7mZws+DLkr4M//zQJoanu1SP+87Dv1oQ==

lodash@^4.17.21, lodash@^4.17.23:
  version "4.18.1"
  resolved "https://registry.yarnpkg.com/lodash/-/lodash-4.18.1.tgz#ff2b66c1f6326d59513de2407bf881439812771c"
  integrity sha512-dMInicTPVE8d1e5otfwmmjlxkZoUpiVLwyeTdUsi/Caj/gfzzblBcCE5sRHV/AsjuCmxWrte2TNGSYuCeCq+0Q==

vscode-json-languageservice@^4.1.6:
  version "4.2.1"
  resolved "https://registry.yarnpkg.com/vscode-json-languageservice/-/vscode-json-languageservice-4.2.1.tgz#94b6f471ece193bf4a1ef37f6ab5cce86d50a8b4"
  integrity sha512-xGmv9QIWs2H8obGbWg+sIPI/3/pFgj/5OWBhNzs00BkYQ9UaB2F6JJaGB/2/YOZJ3BvLXQTC4Q7muqU25QgAhA==
  dependencies:
    jsonc-parser "^3.0.0"
    vscode-languageserver-textdocument "^1.0.3"
    vscode-languageserver-types "^3.16.0"
    vscode-nls "^5.0.0"
    vscode-uri "^3.0.3"

vscode-languageserver-textdocument@^1.0.3:
  version "1.0.12"
  resolved "https://registry.yarnpkg.com/vscode-languageserver-textdocument/-/vscode-languageserver-textdocument-1.0.12.tgz#457ee04271ab38998a093c68c2342f53f6e4a631"
  integrity sha512-cxWNPesCnQCcMPeenjKKsOCKQZ/L6Tv19DTRIGuLWe32lyzWhihGVJ/rcckZXJxfdKCFvRLS3fpBIsV/ZGX4zA==

vscode-languageserver-types@^3.16.0:
  version "3.18.0"
  resolved "https://registry.yarnpkg.com/vscode-languageserver-types/-/vscode-languageserver-types-3.18.0.tgz#132321229604836bab710c97487e6cdafb9bd7bb"
  integrity sha512-8TsGPNMIMiiBdkORgRSvLjuiEIiAFtO+KssmYWxQ+uSVvlf7RjK8YKCOjPzZ+YA04jXEV7+7LvkSmHkhpNS99g==

vscode-nls@^5.0.0:
  version "5.2.0"
  resolved "https://registry.yarnpkg.com/vscode-nls/-/vscode-nls-5.2.0.tgz#3cb6893dd9bd695244d8a024bdf746eea665cc3f"
  integrity sha512-RAaHx7B14ZU04EU31pT+rKz2/zSl7xMsfIZuo8pd+KZO6PXtQmpevpq3vxvWNcrGbdmhM/rr5Uw5Mz+NBfhVng==

vscode-uri@^3.0.3:
  version "3.1.0"
  resolved "https://registry.yarnpkg.com/vscode-uri/-/vscode-uri-3.1.0.tgz#dd09ec5a66a38b5c3fffc774015713496d14e09c"
  integrity sha512-/BpdSx+yCQGnCvecbyXdxHDkuk55/G3xwnC0GqY4gmQ3j+A+g8kzzgB4Nk/SINjqn6+waqw3EgbVF2QKExkRxQ==
